// !$*UTF8*$!
{
	archiveVersion = 1;
	classes = {
	};
	objectVersion = 50;
	objects = {

/* Begin PBXBuildFile section */
		4608F65921B8D4EC00D7E07C /* AppDelegate.swift in Sources */ = {isa = PBXBuildFile; fileRef = 4608F65821B8D4EC00D7E07C /* AppDelegate.swift */; };
		4608F65B21B8D4EC00D7E07C /* ViewController.swift in Sources */ = {isa = PBXBuildFile; fileRef = 4608F65A21B8D4EC00D7E07C /* ViewController.swift */; };
		4608F65D21B8D4F800D7E07C /* Assets.xcassets in Resources */ = {isa = PBXBuildFile; fileRef = 4608F65C21B8D4F800D7E07C /* Assets.xcassets */; };
		4608F66021B8D4F800D7E07C /* Main.storyboard in Resources */ = {isa = PBXBuildFile; fileRef = 4608F65E21B8D4F800D7E07C /* Main.storyboard */; };
		4608F66C21B8D4F900D7E07C /* TodoListTests.swift in Sources */ = {isa = PBXBuildFile; fileRef = 4608F66B21B8D4F900D7E07C /* TodoListTests.swift */; };
		4608F67721B8D4F900D7E07C /* TodoListUITests.swift in Sources */ = {isa = PBXBuildFile; fileRef = 4608F67621B8D4F900D7E07C /* TodoListUITests.swift */; };
/* End PBXBuildFile section */

/* Begin PBXContainerItemProxy section */
		4608F66821B8D4F900D7E07C /* PBXContainerItemProxy */ = {
			isa = PBXContainerItemProxy;
			containerPortal = 4608F64D21B8D4EC00D7E07C /* Project object */;
			proxyType = 1;
			remoteGlobalIDString = 4608F65421B8D4EC00D7E07C;
			remoteInfo = TodoList;
		};
		4608F67321B8D4F900D7E07C /* PBXContainerItemProxy */ = {
			isa = PBXContainerItemProxy;
			containerPortal = 4608F64D21B8D4EC00D7E07C /* Project object */;
			proxyType = 1;
			remoteGlobalIDString = 4608F65421B8D4EC00D7E07C;
			remoteInfo = TodoList;
		};
/* End PBXContainerItemProxy section */

/* Begin PBXFileReference section */
		4608F65521B8D4EC00D7E07C /* TodoList.app */ = {isa = PBXFileReference; explicitFileType = wrapper.application; includeInIndex = 0; path = TodoList.app; sourceTree = BUILT_PRODUCTS_DIR; };
		4608F65821B8D4EC00D7E07C /* AppDelegate.swift */ = {isa = PBXFileReference; lastKnownFileType = sourcecode.swift; path = AppDelegate.swift; sourceTree = "<group>"; };
		4608F65A21B8D4EC00D7E07C /* ViewController.swift */ = {isa = PBXFileReference; lastKnownFileType = sourcecode.swift; path = ViewController.swift; sourceTree = "<group>"; };
		4608F65C21B8D4F800D7E07C /* Assets.xcassets */ = {isa = PBXFileReference; lastKnownFileType = folder.assetcatalog; path = Assets.xcassets; sourceTree = "<group>"; };
		4608F65F21B8D4F800D7E07C /* Base */ = {isa = PBXFileReference; lastKnownFileType = file.storyboard; name = Base; path = Base.lproj/Main.storyboard; sourceTree = "<group>"; };
		4608F66121B8D4F800D7E07C /* Info.plist */ = {isa = PBXFileReference; lastKnownFileType = text.plist.xml; path = Info.plist; sourceTree = "<group>"; };
		4608F66221B8D4F800D7E07C /* TodoList.entitlements */ = {isa = PBXFileReference; lastKnownFileType = text.plist.entitlements; path = TodoList.entitlements; sourceTree = "<group>"; };
		4608F66721B8D4F900D7E07C /* TodoListTests.xctest */ = {isa = PBXFileReference; explicitFileType = wrapper.cfbundle; includeInIndex = 0; path = TodoListTests.xctest; sourceTree = BUILT_PRODUCTS_DIR; };
		4608F66B21B8D4F900D7E07C /* TodoListTests.swift */ = {isa = PBXFileReference; lastKnownFileType = sourcecode.swift; path = TodoListTests.swift; sourceTree = "<group>"; };
		4608F66D21B8D4F900D7E07C /* Info.plist */ = {isa = PBXFileReference; lastKnownFileType = text.plist.xml; path = Info.plist; sourceTree = "<group>"; };
		4608F67221B8D4F900D7E07C /* TodoListUITests.xctest */ = {isa = PBXFileReference; explicitFileType = wrapper.cfbundle; includeInIndex = 0; path = TodoListUITests.xctest; sourceTree = BUILT_PRODUCTS_DIR; };
		4608F67621B8D4F900D7E07C /* TodoListUITests.swift */ = {isa = PBXFileReference; lastKnownFileType = sourcecode.swift; path = TodoListUITests.swift; sourceTree = "<group>"; };
		4608F67821B8D4F900D7E07C /* Info.plist */ = {isa = PBXFileReference; lastKnownFileType = text.plist.xml; path = Info.plist; sourceTree = "<group>"; };
/* End PBXFileReference section */

/* Begin PBXFrameworksBuildPhase section */
		4608F65221B8D4EC00D7E07C /* Frameworks */ = {
			isa = PBXFrameworksBuildPhase;
			buildActionMask = 2147483647;
			files = (
			);
			runOnlyForDeploymentPostprocessing = 0;
		};
		4608F66421B8D4F900D7E07C /* Frameworks */ = {
			isa = PBXFrameworksBuildPhase;
			buildActionMask = 2147483647;
			files = (
			);
			runOnlyForDeploymentPostprocessing = 0;
		};
		4608F66F21B8D4F900D7E07C /* Frameworks */ = {
			isa = PBXFrameworksBuildPhase;
			buildActionMask = 2147483647;
			files = (
			);
			runOnlyForDeploymentPostprocessing = 0;
		};
/* End PBXFrameworksBuildPhase section */

/* Begin PBXGroup section */
		4608F64C21B8D4EC00D7E07C = {
			isa = PBXGroup;
			children = (
				4608F65721B8D4EC00D7E07C /* TodoList */,
				4608F66A21B8D4F900D7E07C /* TodoListTests */,
				4608F67521B8D4F900D7E07C /* TodoListUITests */,
				4608F65621B8D4EC00D7E07C /* Products */,
			);
			sourceTree = "<group>";
		};
		4608F65621B8D4EC00D7E07C /* Products */ = {
			isa = PBXGroup;
			children = (
				4608F65521B8D4EC00D7E07C /* TodoList.app */,
				4608F66721B8D4F900D7E07C /* TodoListTests.xctest */,
				4608F67221B8D4F900D7E07C /* TodoListUITests.xctest */,
			);
			name = Products;
			sourceTree = "<group>";
		};
		4608F65721B8D4EC00D7E07C /* TodoList */ = {
			isa = PBXGroup;
			children = (
				4608F65821B8D4EC00D7E07C /* AppDelegate.swift */,
				4608F65A21B8D4EC00D7E07C /* ViewController.swift */,
				4608F65C21B8D4F800D7E07C /* Assets.xcassets */,
				4608F65E21B8D4F800D7E07C /* Main.storyboard */,
				4608F66121B8D4F800D7E07C /* Info.plist */,
				4608F66221B8D4F800D7E07C /* TodoList.entitlements */,
			);
			path = TodoList;
			sourceTree = "<group>";
		};
		4608F66A21B8D4F900D7E07C /* TodoListTests */ = {
			isa = PBXGroup;
			children = (
				4608F66B21B8D4F900D7E07C /* TodoListTests.swift */,
				4608F66D21B8D4F900D7E07C /* Info.plist */,
			);
			path = TodoListTests;
			sourceTree = "<group>";
		};
		4608F67521B8D4F900D7E07C /* TodoListUITests */ = {
			isa = PBXGroup;
			children = (
				4608F67621B8D4F900D7E07C /* TodoListUITests.swift */,
				4608F67821B8D4F900D7E07C /* Info.plist */,
			);
			path = TodoListUITests;
			sourceTree = "<group>";
		};
/* End PBXGroup section */

/* Begin PBXNativeTarget section */
		4608F65421B8D4EC00D7E07C /* TodoList */ = {
			isa = PBXNativeTarget;
			buildConfigurationList = 4608F67B21B8D4F900D7E07C /* Build configuration list for PBXNativeTarget "TodoList" */;
			buildPhases = (
				4608F65121B8D4EC00D7E07C /* Sources */,
				4608F65221B8D4EC00D7E07C /* Frameworks */,
				4608F65321B8D4EC00D7E07C /* Resources */,
			);
			buildRules = (
			);
			dependencies = (
			);
			name = TodoList;
			productName = TodoList;
			productReference = 4608F65521B8D4EC00D7E07C /* TodoList.app */;
			productType = "com.apple.product-type.application";
		};
		4608F66621B8D4F900D7E07C /* TodoListTests */ = {
			isa = PBXNativeTarget;
			buildConfigurationList = 4608F67E21B8D4F900D7E07C /* Build configuration list for PBXNativeTarget "TodoListTests" */;
			buildPhases = (
				4608F66321B8D4F900D7E07C /* Sources */,
				4608F66421B8D4F900D7E07C /* Frameworks */,
				4608F66521B8D4F900D7E07C /* Resources */,
			);
			buildRules = (
			);
			dependencies = (
				4608F66921B8D4F900D7E07C /* PBXTargetDependency */,
			);
			name = TodoListTests;
			productName = TodoListTests;
			productReference = 4608F66721B8D4F900D7E07C /* TodoListTests.xctest */;
			productType = "com.apple.product-type.bundle.unit-test";
		};
		4608F67121B8D4F900D7E07C /* TodoListUITests */ = {
			isa = PBXNativeTarget;
			buildConfigurationList = 4608F68121B8D4F900D7E07C /* Build configuration list for PBXNativeTarget "TodoListUITests" */;
			buildPhases = (
				4608F66E21B8D4F900D7E07C /* Sources */,
				4608F66F21B8D4F900D7E07C /* Frameworks */,
				4608F67021B8D4F900D7E07C /* Resources */,
			);
			buildRules = (
			);
			dependencies = (
				4608F67421B8D4F900D7E07C /* PBXTargetDependency */,
			);
			name = TodoListUITests;
			productName = TodoListUITests;
			productReference = 4608F67221B8D4F900D7E07C /* TodoListUITests.xctest */;
			productType = "com.apple.product-type.bundle.ui-testing";
		};
/* End PBXNativeTarget section */

/* Begin PBXProject section */
		4608F64D21B8D4EC00D7E07C /* Project object */ = {
			isa = PBXProject;
			attributes = {
				LastSwiftUpdateCheck = 1010;
				LastUpgradeCheck = 1010;
				ORGANIZATIONNAME = "Nick Zolondek";
				TargetAttributes = {
					4608F65421B8D4EC00D7E07C = {
						CreatedOnToolsVersion = 10.1;
					};
					4608F66621B8D4F900D7E07C = {
						CreatedOnToolsVersion = 10.1;
						TestTargetID = 4608F65421B8D4EC00D7E07C;
					};
					4608F67121B8D4F900D7E07C = {
						CreatedOnToolsVersion = 10.1;
						TestTargetID = 4608F65421B8D4EC00D7E07C;
					};
				};
			};
			buildConfigurationList = 4608F65021B8D4EC00D7E07C /* Build configuration list for PBXProject "TodoList" */;
			compatibilityVersion = "Xcode 9.3";
			developmentRegion = en;
			hasScannedForEncodings = 0;
			knownRegions = (
				en,
				Base,
			);
			mainGroup = 4608F64C21B8D4EC00D7E07C;
			productRefGroup = 4608F65621B8D4EC00D7E07C /* Products */;
			projectDirPath = "";
			projectRoot = "";
			targets = (
				4608F65421B8D4EC00D7E07C /* TodoList */,
				4608F66621B8D4F900D7E07C /* TodoListTests */,
				4608F67121B8D4F900D7E07C /* TodoListUITests */,
			);
		};
/* End PBXProject section */

/* Begin PBXResourcesBuildPhase section */
		4608F65321B8D4EC00D7E07C /* Resources */ = {
			isa = PBXResourcesBuildPhase;
			buildActionMask = 2147483647;
			files = (
				4608F65D21B8D4F800D7E07C /* Assets.xcassets in Resources */,
				4608F66021B8D4F800D7E07C /* Main.storyboard in Resources */,
			);
			runOnlyForDeploymentPostprocessing = 0;
		};
		4608F66521B8D4F900D7E07C /* Resources */ = {
			isa = PBXResourcesBuildPhase;
			buildActionMask = 2147483647;
			files = (
			);
			runOnlyForDeploymentPostprocessing = 0;
		};
		4608F67021B8D4F900D7E07C /* Resources */ = {
			isa = PBXResourcesBuildPhase;
			buildActionMask = 2147483647;
			files = (
			);
			runOnlyForDeploymentPostprocessing = 0;
		};
/* End PBXResourcesBuildPhase section */

/* Begin PBXSourcesBuildPhase section */
		4608F65121B8D4EC00D7E07C /* Sources */ = {
			isa = PBXSourcesBuildPhase;
			buildActionMask = 2147483647;
			files = (
				4608F65B21B8D4EC00D7E07C /* ViewController.swift in Sources */,
				4608F65921B8D4EC00D7E07C /* AppDelegate.swift in Sources */,
			);
			runOnlyForDeploymentPostprocessing = 0;
		};
		4608F66321B8D4F900D7E07C /* Sources */ = {
			isa = PBXSourcesBuildPhase;
			buildActionMask = 2147483647;
			files = (
				4608F66C21B8D4F900D7E07C /* TodoListTests.swift in Sources */,
			);
			runOnlyForDeploymentPostprocessing = 0;
		};
		4608F66E21B8D4F900D7E07C /* Sources */ = {
			isa = PBXSourcesBuildPhase;
			buildActionMask = 2147483647;
			files = (
				4608F67721B8D4F900D7E07C /* TodoListUITests.swift in Sources */,
			);
			runOnlyForDeploymentPostprocessing = 0;
		};
/* End PBXSourcesBuildPhase section */

/* Begin PBXTargetDependency section */
		4608F66921B8D4F900D7E07C /* PBXTargetDependency */ = {
			isa = PBXTargetDependency;
			target = 4608F65421B8D4EC00D7E07C /* TodoList */;
			targetProxy = 4608F66821B8D4F900D7E07C /* PBXContainerItemProxy */;
		};
		4608F67421B8D4F900D7E07C /* PBXTargetDependency */ = {
			isa = PBXTargetDependency;
			target = 4608F65421B8D4EC00D7E07C /* TodoList */;
			targetProxy = 4608F67321B8D4F900D7E07C /* PBXContainerItemProxy */;
		};
/* End PBXTargetDependency section */

/* Begin PBXVariantGroup section */
		4608F65E21B8D4F800D7E07C /* Main.storyboard */ = {
			isa = PBXVariantGroup;
			children = (
				4608F65F21B8D4F800D7E07C /* Base */,
			);
			name = Main.storyboard;
			sourceTree = "<group>";
		};
/* End PBXVariantGroup section */

/* Begin XCBuildConfiguration section */
		4608F67921B8D4F900D7E07C /* Debug */ = {
			isa = XCBuildConfiguration;
			buildSettings = {
				ALWAYS_SEARCH_USER_PATHS = NO;
				CLANG_ANALYZER_NONNULL = YES;
				CLANG_ANALYZER_NUMBER_OBJECT_CONVERSION = YES_AGGRESSIVE;
				CLANG_CXX_LANGUAGE_STANDARD = "gnu++14";
				CLANG_CXX_LIBRARY = "libc++";
				CLANG_ENABLE_MODULES = YES;
				CLANG_ENABLE_OBJC_ARC = YES;
				CLANG_ENABLE_OBJC_WEAK = YES;
				CLANG_WARN_BLOCK_CAPTURE_AUTORELEASING = YES;
				CLANG_WARN_BOOL_CONVERSION = YES;
				CLANG_WARN_COMMA = YES;
				CLANG_WARN_CONSTANT_CONVERSION = YES;
				CLANG_WARN_DEPRECATED_OBJC_IMPLEMENTATIONS = YES;
				CLANG_WARN_DIRECT_OBJC_ISA_USAGE = YES_ERROR;
				CLANG_WARN_DOCUMENTATION_COMMENTS = YES;
				CLANG_WARN_EMPTY_BODY = YES;
				CLANG_WARN_ENUM_CONVERSION = YES;
				CLANG_WARN_INFINITE_RECURSION = YES;
				CLANG_WARN_INT_CONVERSION = YES;
				CLANG_WARN_NON_LITERAL_NULL_CONVERSION = YES;
				CLANG_WARN_OBJC_IMPLICIT_RETAIN_SELF = YES;
				CLANG_WARN_OBJC_LITERAL_CONVERSION = YES;
				CLANG_WARN_OBJC_ROOT_CLASS = YES_ERROR;
				CLANG_WARN_RANGE_LOOP_ANALYSIS = YES;
				CLANG_WARN_STRICT_PROTOTYPES = YES;
				CLANG_WARN_SUSPICIOUS_MOVE = YES;
				CLANG_WARN_UNGUARDED_AVAILABILITY = YES_AGGRESSIVE;
				CLANG_WARN_UNREACHABLE_CODE = YES;
				CLANG_WARN__DUPLICATE_METHOD_MATCH = YES;
				CODE_SIGN_IDENTITY = "-";
				COPY_PHASE_STRIP = NO;
				DEBUG_INFORMATION_FORMAT = dwarf;
				ENABLE_STRICT_OBJC_MSGSEND = YES;
				ENABLE_TESTABILITY = YES;
				GCC_C_LANGUAGE_STANDARD = gnu11;
				GCC_DYNAMIC_NO_PIC = NO;
				GCC_NO_COMMON_BLOCKS = YES;
				GCC_OPTIMIZATION_LEVEL = 0;
				GCC_PREPROCESSOR_DEFINITIONS = (
					"DEBUG=1",
					"$(inherited)",
				);
				GCC_WARN_64_TO_32_BIT_CONVERSION = YES;
				GCC_WARN_ABOUT_RETURN_TYPE = YES_ERROR;
				GCC_WARN_UNDECLARED_SELECTOR = YES;
				GCC_WARN_UNINITIALIZED_AUTOS = YES_AGGRESSIVE;
				GCC_WARN_UNUSED_FUNCTION = YES;
				GCC_WARN_UNUSED_VARIABLE = YES;
				MACOSX_DEPLOYMENT_TARGET = 10.13;
				MTL_ENABLE_DEBUG_INFO = INCLUDE_SOURCE;
				MTL_FAST_MATH = YES;
				ONLY_ACTIVE_ARCH = YES;
				SDKROOT = macosx;
				SWIFT_ACTIVE_COMPILATION_CONDITIONS = DEBUG;
				SWIFT_OPTIMIZATION_LEVEL = "-Onone";
			};
			name = Debug;
		};
		4608F67A21B8D4F900D7E07C /* Release */ = {
			isa = XCBuildConfiguration;
			buildSettings = {
				ALWAYS_SEARCH_USER_PATHS = NO;
				CLANG_ANALYZER_NONNULL = YES;
				CLANG_ANALYZER_NUMBER_OBJECT_CONVERSION = YES_AGGRESSIVE;
				CLANG_CXX_LANGUAGE_STANDARD = "gnu++14";
				CLANG_CXX_LIBRARY = "libc++";
				CLANG_ENABLE_MODULES = YES;
				CLANG_ENABLE_OBJC_ARC = YES;
				CLANG_ENABLE_OBJC_WEAK = YES;
				CLANG_WARN_BLOCK_CAPTURE_AUTORELEASING = YES;
				CLANG_WARN_BOOL_CONVERSION = YES;
				CLANG_WARN_COMMA = YES;
				CLANG_WARN_CONSTANT_CONVERSION = YES;
				CLANG_WARN_DEPRECATED_OBJC_IMPLEMENTATIONS = YES;
				CLANG_WARN_DIRECT_OBJC_ISA_USAGE = YES_ERROR;
				CLANG_WARN_DOCUMENTATION_COMMENTS = YES;
				CLANG_WARN_EMPTY_BODY = YES;
				CLANG_WARN_ENUM_CONVERSION = YES;
				CLANG_WARN_INFINITE_RECURSION = YES;
				CLANG_WARN_INT_CONVERSION = YES;
				CLANG_WARN_NON_LITERAL_NULL_CONVERSION = YES;
				CLANG_WARN_OBJC_IMPLICIT_RETAIN_SELF = YES;
				CLANG_WARN_OBJC_LITERAL_CONVERSION = YES;
				CLANG_WARN_OBJC_ROOT_CLASS = YES_ERROR;
				CLANG_WARN_RANGE_LOOP_ANALYSIS = YES;
				CLANG_WARN_STRICT_PROTOTYPES = YES;
				CLANG_WARN_SUSPICIOUS_MOVE = YES;
				CLANG_WARN_UNGUARDED_AVAILABILITY = YES_AGGRESSIVE;
				CLANG_WARN_UNREACHABLE_CODE = YES;
				CLANG_WARN__DUPLICATE_METHOD_MATCH = YES;
				CODE_SIGN_IDENTITY = "-";
				COPY_PHASE_STRIP = NO;
				DEBUG_INFORMATION_FORMAT = "dwarf-with-dsym";
				ENABLE_NS_ASSERTIONS = NO;
				ENABLE_STRICT_OBJC_MSGSEND = YES;
				GCC_C_LANGUAGE_STANDARD = gnu11;
				GCC_NO_COMMON_BLOCKS = YES;
				GCC_WARN_64_TO_32_BIT_CONVERSION = YES;
				GCC_WARN_ABOUT_RETURN_TYPE = YES_ERROR;
				GCC_WARN_UNDECLARED_SELECTOR = YES;
				GCC_WARN_UNINITIALIZED_AUTOS = YES_AGGRESSIVE;
				GCC_WARN_UNUSED_FUNCTION = YES;
				GCC_WARN_UNUSED_VARIABLE = YES;
				MACOSX_DEPLOYMENT_TARGET = 10.13;
				MTL_ENABLE_DEBUG_INFO = NO;
				MTL_FAST_MATH = YES;
				SDKROOT = macosx;
				SWIFT_COMPILATION_MODE = wholemodule;
				SWIFT_OPTIMIZATION_LEVEL = "-O";
			};
			name = Release;
		};
		4608F67C21B8D4F900D7E07C /* Debug */ = {
			isa = XCBuildConfiguration;
			buildSettings = {
				ASSETCATALOG_COMPILER_APPICON_NAME = AppIcon;
				CODE_SIGN_ENTITLEMENTS = TodoList/TodoList.entitlements;
				CODE_SIGN_STYLE = Automatic;
				COMBINE_HIDPI_IMAGES = YES;
				INFOPLIST_FILE = TodoList/Info.plist;
				LD_RUNPATH_SEARCH_PATHS = (
					"$(inherited)",
					"@executable_path/../Frameworks",
				);
				PRODUCT_BUNDLE_IDENTIFIER = zcorp.TodoList;
				PRODUCT_NAME = "$(TARGET_NAME)";
				SWIFT_VERSION = 4.2;
			};
			name = Debug;
		};
		4608F67D21B8D4F900D7E07C /* Release */ = {
			isa = XCBuildConfiguration;
			buildSettings = {
				ASSETCATALOG_COMPILER_APPICON_NAME = AppIcon;
				CODE_SIGN_ENTITLEMENTS = TodoList/TodoList.entitlements;
				CODE_SIGN_STYLE = Automatic;
				COMBINE_HIDPI_IMAGES = YES;
				INFOPLIST_FILE = TodoList/Info.plist;
				LD_RUNPATH_SEARCH_PATHS = (
					"$(inherited)",
					"@executable_path/../Frameworks",
				);
				PRODUCT_BUNDLE_IDENTIFIER = zcorp.TodoList;
				PRODUCT_NAME = "$(TARGET_NAME)";
				SWIFT_VERSION = 4.2;
			};
			name = Release;
		};
		4608F67F21B8D4F900D7E07C /* Debug */ = {
			isa = XCBuildConfiguration;
			buildSettings = {
				ALWAYS_EMBED_SWIFT_STANDARD_LIBRARIES = YES;
				BUNDLE_LOADER = "$(TEST_HOST)";
				CODE_SIGN_STYLE = Automatic;
				COMBINE_HIDPI_IMAGES = YES;
				INFOPLIST_FILE = TodoListTests/Info.plist;
				LD_RUNPATH_SEARCH_PATHS = (
					"$(inherited)",
					"@executable_path/../Frameworks",
					"@loader_path/../Frameworks",
				);
				PRODUCT_BUNDLE_IDENTIFIER = zcorp.TodoListTests;
				PRODUCT_NAME = "$(TARGET_NAME)";
				SWIFT_VERSION = 4.2;
				TEST_HOST = "$(BUILT_PRODUCTS_DIR)/TodoList.app/Contents/MacOS/TodoList";
			};
			name = Debug;
		};
		4608F68021B8D4F900D7E07C /* Release */ = {
			isa = XCBuildConfiguration;
			buildSettings = {
				ALWAYS_EMBED_SWIFT_STANDARD_LIBRARIES = YES;
				BUNDLE_LOADER = "$(TEST_HOST)";
				CODE_SIGN_STYLE = Automatic;
				COMBINE_HIDPI_IMAGES = YES;
				INFOPLIST_FILE = TodoListTests/Info.plist;
				LD_RUNPATH_SEARCH_PATHS = (
					"$(inherited)",
					"@executable_path/../Frameworks",
					"@loader_path/../Frameworks",
				);
				PRODUCT_BUNDLE_IDENTIFIER = zcorp.TodoListTests;
				PRODUCT_NAME = "$(TARGET_NAME)";
				SWIFT_VERSION = 4.2;
				TEST_HOST = "$(BUILT_PRODUCTS_DIR)/TodoList.app/Contents/MacOS/TodoList";
			};
			name = Release;
		};
		4608F68221B8D4F900D7E07C /* Debug */ = {
			isa = XCBuildConfiguration;
			buildSettings = {
				ALWAYS_EMBED_SWIFT_STANDARD_LIBRARIES = YES;
				CODE_SIGN_STYLE = Automatic;
				COMBINE_HIDPI_IMAGES = YES;
				INFOPLIST_FILE = TodoListUITests/Info.plist;
				LD_RUNPATH_SEARCH_PATHS = (
					"$(inherited)",
					"@executable_path/../Frameworks",
					"@loader_path/../Frameworks",
				);
				PRODUCT_BUNDLE_IDENTIFIER = zcorp.TodoListUITests;
				PRODUCT_NAME = "$(TARGET_NAME)";
				SWIFT_VERSION = 4.2;
				TEST_TARGET_NAME = TodoList;
			};
			name = Debug;
		};
		4608F68321B8D4F900D7E07C /* Release */ = {
			isa = XCBuildConfiguration;
			buildSettings = {
				ALWAYS_EMBED_SWIFT_STANDARD_LIBRARIES = YES;
				CODE_SIGN_STYLE = Automatic;
				COMBINE_HIDPI_IMAGES = YES;
				INFOPLIST_FILE = TodoListUITests/Info.plist;
				LD_RUNPATH_SEARCH_PATHS = (
					"$(inherited)",
					"@executable_path/../Frameworks",
					"@loader_path/../Frameworks",
				);
				PRODUCT_BUNDLE_IDENTIFIER = zcorp.TodoListUITests;
				PRODUCT_NAME = "$(TARGET_NAME)";
				SWIFT_VERSION = 4.2;
				TEST_TARGET_NAME = TodoList;
			};
			name = Release;
		};
/* End XCBuildConfiguration section */

/* Begin XCConfigurationList section */
		4608F65021B8D4EC00D7E07C /* Build configuration list for PBXProject "TodoList" */ = {
			isa = XCConfigurationList;
			buildConfigurations = (
				4608F67921B8D4F900D7E07C /* Debug */,
				4608F67A21B8D4F900D7E07C /* Release */,
			);
			defaultConfigurationIsVisible = 0;
			defaultConfigurationName = Release;
		};
		4608F67B21B8D4F900D7E07C /* Build configuration list for PBXNativeTarget "TodoList" */ = {
			isa = XCConfigurationList;
			buildConfigurations = (
				4608F67C21B8D4F900D7E07C /* Debug */,
				4608F67D21B8D4F900D7E07C /* Release */,
			);
			defaultConfigurationIsVisible = 0;
			defaultConfigurationName = Release;
		};
		4608F67E21B8D4F900D7E07C /* Build configuration list for PBXNativeTarget "TodoListTests" */ = {
			isa = XCConfigurationList;
			buildConfigurations = (
				4608F67F21B8D4F900D7E07C /* Debug */,
				4608F68021B8D4F900D7E07C /* Release */,
			);
			defaultConfigurationIsVisible = 0;
			defaultConfigurationName = Release;
		};
		4608F68121B8D4F900D7E07C /* Build configuration list for PBXNativeTarget "TodoListUITests" */ = {
			isa = XCConfigurationList;
			buildConfigurations = (
				4608F68221B8D4F900D7E07C /* Debug */,
				4608F68321B8D4F900D7E07C /* Release */,
			);
			defaultConfigurationIsVisible = 0;
			defaultConfigurationName = Release;
		};
/* End XCConfigurationList section */
	};
	rootObject = 4608F64D21B8D4EC00D7E07C /* Project object */;
}
